
Microsoft Visual Studio Solution File, Format Version 12.00
# Visual Studio Version 16
VisualStudioVersion = 16.0.30804.86
MinimumVisualStudioVersion = 10.0.40219.1
Project("{2150E333-8FDC-42A3-9474-1A3956D46DE8}") = ".Infrastructure", ".Infrastructure", "{1067619B-B067-4194-8B0B-574C6DBB41DC}"
EndProject
Project("{2150E333-8FDC-42A3-9474-1A3956D46DE8}") = "EntityFramework", "EntityFramework", "{36B2584B-A2E3-46EC-ACA7-C31F732C9DC4}"
EndProject
Project("{2150E333-8FDC-42A3-9474-1A3956D46DE8}") = "Test", "Test", "{DF4E2AE8-79FB-419A-A202-F827BD949231}"
EndProject
Project("{9A19103F-16F7-4668-BE54-9A1E7A4F7556}") = "Ligg.EntityFrameworkCore", "Ligg.EntityFramework\Ligg.EntityFrameworkCore\Ligg.EntityFrameworkCore.csproj", "{DDB98FAD-358C-4ADE-9334-3BD1FC55A022}"
EndProject
Project("{9A19103F-16F7-4668-BE54-9A1E7A4F7556}") = "Ligg.EntityFramework.Entities", "Ligg.EntityFramework\Ligg.EntityFramework.Entities\Ligg.EntityFramework.Entities.csproj", "{766B0691-80C2-427A-9D55-02B64C096DEC}"
EndProject
Project("{9A19103F-16F7-4668-BE54-9A1E7A4F7556}") = "Ligg.Infrastructure.Std", "Ligg.Infrastructure\Ligg.Infra.Std\Ligg.Infrastructure.Std.csproj", "{789444F8-D600-47D9-A698-540233AAC123}"
EndProject
Project("{9A19103F-16F7-4668-BE54-9A1E7A4F7556}") = "Ligg.Uwa.ApplicationTest", "Ligg.Uwa.Test\Ligg.Uwa.ApplicationTest.csproj", "{1CCBBB9F-D3A2-40C7-BBF0-EC6330CCB9C6}"
EndProject
Project("{9A19103F-16F7-4668-BE54-9A1E7A4F7556}") = "Ligg.Uwa.Application", "Ligg.Uwa.Application\Ligg.Uwa.Application.csproj", "{5A8CB9F4-6DEC-4088-8096-C965FA32C685}"
EndProject
Project("{9A19103F-16F7-4668-BE54-9A1E7A4F7556}") = "Ligg.Uwa.Mvc", "Ligg.Uwa.Mvc\Ligg.Uwa.Mvc.csproj", "{E88B4885-0F9D-46E3-BEF2-6208D5EABFCF}"
EndProject
Project("{9A19103F-16F7-4668-BE54-9A1E7A4F7556}") = "Ligg.Uwa.WebApi", "Ligg.Uwa.WebApi\Ligg.Uwa.WebApi.csproj", "{E830524B-6FEB-4A80-90F8-7B12B8D8BC7F}"
EndProject
Global
	GlobalSection(SolutionConfigurationPlatforms) = preSolution
		Debug|Any CPU = Debug|Any CPU
		Debug|x64 = Debug|x64
		Debug|x86 = Debug|x86
		Release|Any CPU = Release|Any CPU
		Release|x64 = Release|x64
		Release|x86 = Release|x86
	EndGlobalSection
	GlobalSection(ProjectConfigurationPlatforms) = postSolution
		{DDB98FAD-358C-4ADE-9334-3BD1FC55A022}.Debug|Any CPU.ActiveCfg = Debug|Any CPU
		{DDB98FAD-358C-4ADE-9334-3BD1FC55A022}.Debug|Any CPU.Build.0 = Debug|Any CPU
		{DDB98FAD-358C-4ADE-9334-3BD1FC55A022}.Debug|x64.ActiveCfg = Debug|Any CPU
		{DDB98FAD-358C-4ADE-9334-3BD1FC55A022}.Debug|x64.Build.0 = Debug|Any CPU
		{DDB98FAD-358C-4ADE-9334-3BD1FC55A022}.Debug|x86.ActiveCfg = Debug|Any CPU
		{DDB98FAD-358C-4ADE-9334-3BD1FC55A022}.Debug|x86.Build.0 = Debug|Any CPU
		{DDB98FAD-358C-4ADE-9334-3BD1FC55A022}.Release|Any CPU.ActiveCfg = Release|Any CPU
		{DDB98FAD-358C-4ADE-9334-3BD1FC55A022}.Release|Any CPU.Build.0 = Release|Any CPU
		{DDB98FAD-358C-4ADE-9334-3BD1FC55A022}.Release|x64.ActiveCfg = Release|Any CPU
		{DDB98FAD-358C-4ADE-9334-3BD1FC55A022}.Release|x64.Build.0 = Release|Any CPU
		{DDB98FAD-358C-4ADE-9334-3BD1FC55A022}.Release|x86.ActiveCfg = Release|Any CPU
		{DDB98FAD-358C-4ADE-9334-3BD1FC55A022}.Release|x86.Build.0 = Release|Any CPU
		{766B0691-80C2-427A-9D55-02B64C096DEC}.Debug|Any CPU.ActiveCfg = Debug|Any CPU
		{766B0691-80C2-427A-9D55-02B64C096DEC}.Debug|Any CPU.Build.0 = Debug|Any CPU
		{766B0691-80C2-427A-9D55-02B64C096DEC}.Debug|x64.ActiveCfg = Debug|Any CPU
		{766B0691-80C2-427A-9D55-02B64C096DEC}.Debug|x64.Build.0 = Debug|Any CPU
		{766B0691-80C2-427A-9D55-02B64C096DEC}.Debug|x86.ActiveCfg = Debug|Any CPU
		{766B0691-80C2-427A-9D55-02B64C096DEC}.Debug|x86.Build.0 = Debug|Any CPU
		{766B0691-80C2-427A-9D55-02B64C096DEC}.Release|Any CPU.ActiveCfg = Release|Any CPU
		{766B0691-80C2-427A-9D55-02B64C096DEC}.Release|Any CPU.Build.0 = Release|Any CPU
		{766B0691-80C2-427A-9D55-02B64C096DEC}.Release|x64.ActiveCfg = Release|Any CPU
		{766B0691-80C2-427A-9D55-02B64C096DEC}.Release|x64.Build.0 = Release|Any CPU
		{766B0691-80C2-427A-9D55-02B64C096DEC}.Release|x86.ActiveCfg = Release|Any CPU
		{766B0691-80C2-427A-9D55-02B64C096DEC}.Release|x86.Build.0 = Release|Any CPU
		{789444F8-D600-47D9-A698-540233AAC123}.Debug|Any CPU.ActiveCfg = Debug|Any CPU
		{789444F8-D600-47D9-A698-540233AAC123}.Debug|Any CPU.Build.0 = Debug|Any CPU
		{789444F8-D600-47D9-A698-540233AAC123}.Debug|x64.ActiveCfg = Debug|Any CPU
		{789444F8-D600-47D9-A698-540233AAC123}.Debug|x64.Build.0 = Debug|Any CPU
		{789444F8-D600-47D9-A698-540233AAC123}.Debug|x86.ActiveCfg = Debug|Any CPU
		{789444F8-D600-47D9-A698-540233AAC123}.Debug|x86.Build.0 = Debug|Any CPU
		{789444F8-D600-47D9-A698-540233AAC123}.Release|Any CPU.ActiveCfg = Release|Any CPU
		{789444F8-D600-47D9-A698-540233AAC123}.Release|Any CPU.Build.0 = Release|Any CPU
		{789444F8-D600-47D9-A698-540233AAC123}.Release|x64.ActiveCfg = Release|Any CPU
		{789444F8-D600-47D9-A698-540233AAC123}.Release|x64.Build.0 = Release|Any CPU
		{789444F8-D600-47D9-A698-540233AAC123}.Release|x86.ActiveCfg = Release|Any CPU
		{789444F8-D600-47D9-A698-540233AAC123}.Release|x86.Build.0 = Release|Any CPU
		{1CCBBB9F-D3A2-40C7-BBF0-EC6330CCB9C6}.Debug|Any CPU.ActiveCfg = Debug|Any CPU
		{1CCBBB9F-D3A2-40C7-BBF0-EC6330CCB9C6}.Debug|Any CPU.Build.0 = Debug|Any CPU
		{1CCBBB9F-D3A2-40C7-BBF0-EC6330CCB9C6}.Debug|x64.ActiveCfg = Debug|Any CPU
		{1CCBBB9F-D3A2-40C7-BBF0-EC6330CCB9C6}.Debug|x64.Build.0 = Debug|Any CPU
		{1CCBBB9F-D3A2-40C7-BBF0-EC6330CCB9C6}.Debug|x86.ActiveCfg = Debug|Any CPU
		{1CCBBB9F-D3A2-40C7-BBF0-EC6330CCB9C6}.Debug|x86.Build.0 = Debug|Any CPU
		{1CCBBB9F-D3A2-40C7-BBF0-EC6330CCB9C6}.Release|Any CPU.ActiveCfg = Release|Any CPU
		{1CCBBB9F-D3A2-40C7-BBF0-EC6330CCB9C6}.Release|Any CPU.Build.0 = Release|Any CPU
		{1CCBBB9F-D3A2-40C7-BBF0-EC6330CCB9C6}.Release|x64.ActiveCfg = Release|Any CPU
		{1CCBBB9F-D3A2-40C7-BBF0-EC6330CCB9C6}.Release|x64.Build.0 = Release|Any CPU
		{1CCBBB9F-D3A2-40C7-BBF0-EC6330CCB9C6}.Release|x86.ActiveCfg = Release|Any CPU
		{1CCBBB9F-D3A2-40C7-BBF0-EC6330CCB9C6}.Release|x86.Build.0 = Release|Any CPU
		{5A8CB9F4-6DEC-4088-8096-C965FA32C685}.Debug|Any CPU.ActiveCfg = Debug|Any CPU
		{5A8CB9F4-6DEC-4088-8096-C965FA32C685}.Debug|Any CPU.Build.0 = Debug|Any CPU
		{5A8CB9F4-6DEC-4088-8096-C965FA32C685}.Debug|x64.ActiveCfg = Debug|Any CPU
		{5A8CB9F4-6DEC-4088-8096-C965FA32C685}.Debug|x64.Build.0 = Debug|Any CPU
		{5A8CB9F4-6DEC-4088-8096-C965FA32C685}.Debug|x86.ActiveCfg = Debug|Any CPU
		{5A8CB9F4-6DEC-4088-8096-C965FA32C685}.Debug|x86.Build.0 = Debug|Any CPU
		{5A8CB9F4-6DEC-4088-8096-C965FA32C685}.Release|Any CPU.ActiveCfg = Release|Any CPU
		{5A8CB9F4-6DEC-4088-8096-C965FA32C685}.Release|Any CPU.Build.0 = Release|Any CPU
		{5A8CB9F4-6DEC-4088-8096-C965FA32C685}.Release|x64.ActiveCfg = Release|Any CPU
		{5A8CB9F4-6DEC-4088-8096-C965FA32C685}.Release|x64.Build.0 = Release|Any CPU
		{5A8CB9F4-6DEC-4088-8096-C965FA32C685}.Release|x86.ActiveCfg = Release|Any CPU
		{5A8CB9F4-6DEC-4088-8096-C965FA32C685}.Release|x86.Build.0 = Release|Any CPU
		{E88B4885-0F9D-46E3-BEF2-6208D5EABFCF}.Debug|Any CPU.ActiveCfg = Debug|Any CPU
		{E88B4885-0F9D-46E3-BEF2-6208D5EABFCF}.Debug|Any CPU.Build.0 = Debug|Any CPU
		{E88B4885-0F9D-46E3-BEF2-6208D5EABFCF}.Debug|x64.ActiveCfg = Debug|Any CPU
		{E88B4885-0F9D-46E3-BEF2-6208D5EABFCF}.Debug|x64.Build.0 = Debug|Any CPU
		{E88B4885-0F9D-46E3-BEF2-6208D5EABFCF}.Debug|x86.ActiveCfg = Debug|Any CPU
		{E88B4885-0F9D-46E3-BEF2-6208D5EABFCF}.Debug|x86.Build.0 = Debug|Any CPU
		{E88B4885-0F9D-46E3-BEF2-6208D5EABFCF}.Release|Any CPU.ActiveCfg = Release|Any CPU
		{E88B4885-0F9D-46E3-BEF2-6208D5EABFCF}.Release|Any CPU.Build.0 = Release|Any CPU
		{E88B4885-0F9D-46E3-BEF2-6208D5EABFCF}.Release|x64.ActiveCfg = Release|Any CPU
		{E88B4885-0F9D-46E3-BEF2-6208D5EABFCF}.Release|x64.Build.0 = Release|Any CPU
		{E88B4885-0F9D-46E3-BEF2-6208D5EABFCF}.Release|x86.ActiveCfg = Release|Any CPU
		{E88B4885-0F9D-46E3-BEF2-6208D5EABFCF}.Release|x86.Build.0 = Release|Any CPU
		{E830524B-6FEB-4A80-90F8-7B12B8D8BC7F}.Debug|Any CPU.ActiveCfg = Debug|Any CPU
		{E830524B-6FEB-4A80-90F8-7B12B8D8BC7F}.Debug|Any CPU.Build.0 = Debug|Any CPU
		{E830524B-6FEB-4A80-90F8-7B12B8D8BC7F}.Debug|x64.ActiveCfg = Debug|Any CPU
		{E830524B-6FEB-4A80-90F8-7B12B8D8BC7F}.Debug|x64.Build.0 = Debug|Any CPU
		{E830524B-6FEB-4A80-90F8-7B12B8D8BC7F}.Debug|x86.ActiveCfg = Debug|Any CPU
		{E830524B-6FEB-4A80-90F8-7B12B8D8BC7F}.Debug|x86.Build.0 = Debug|Any CPU
		{E830524B-6FEB-4A80-90F8-7B12B8D8BC7F}.Release|Any CPU.ActiveCfg = Release|Any CPU
		{E830524B-6FEB-4A80-90F8-7B12B8D8BC7F}.Release|Any CPU.Build.0 = Release|Any CPU
		{E830524B-6FEB-4A80-90F8-7B12B8D8BC7F}.Release|x64.ActiveCfg = Release|Any CPU
		{E830524B-6FEB-4A80-90F8-7B12B8D8BC7F}.Release|x64.Build.0 = Release|Any CPU
		{E830524B-6FEB-4A80-90F8-7B12B8D8BC7F}.Release|x86.ActiveCfg = Release|Any CPU
		{E830524B-6FEB-4A80-90F8-7B12B8D8BC7F}.Release|x86.Build.0 = Release|Any CPU
	EndGlobalSection
	GlobalSection(SolutionProperties) = preSolution
		HideSolutionNode = FALSE
	EndGlobalSection
	GlobalSection(NestedProjects) = preSolution
		{DDB98FAD-358C-4ADE-9334-3BD1FC55A022} = {36B2584B-A2E3-46EC-ACA7-C31F732C9DC4}
		{766B0691-80C2-427A-9D55-02B64C096DEC} = {36B2584B-A2E3-46EC-ACA7-C31F732C9DC4}
		{789444F8-D600-47D9-A698-540233AAC123} = {1067619B-B067-4194-8B0B-574C6DBB41DC}
		{1CCBBB9F-D3A2-40C7-BBF0-EC6330CCB9C6} = {DF4E2AE8-79FB-419A-A202-F827BD949231}
	EndGlobalSection
	GlobalSection(ExtensibilityGlobals) = postSolution
		SolutionGuid = {CD32E9D5-5FCD-4F88-9047-1526C0AF0793}
	EndGlobalSection
EndGlobal
